{
  "name": "tsumo-rust",
  "lockfileVersion": 3,
  "requires": true,
  "packages": {
    "": {
      "name": "tsumo-rust",
      "workspaces": [
        "packages/*"
      ],
      "devDependencies": {
        "@tsonic/cli": "file:../tsonic/packages/cli",
        "@tsonic/host": "file:../tsonic/packages/host",
        "@tsonic/rust-js": "file:../rust-js",
        "@tsonic/rust-nodejs": "file:../rust-nodejs",
        "@tsonic/rust-runtime": "file:../rust-runtime",
        "@tsonic/source-core": "file:../tsonic/packages/source-core",
        "@tsonic/target-api": "file:../tsonic/packages/target-api",
        "@tsonic/target-rust": "file:../tsonic-rust",
        "@tsonic/tsts": "file:../tsonic/packages/tsts"
      },
      "engines": {
        "node": ">=22.0.0"
      }
    },
    "../rust-js": {
      "name": "@tsonic/rust-js",
      "version": "0.0.1",
      "dev": true,
      "devDependencies": {
        "@tsonic/rust-runtime": "file:../rust-runtime"
      },
      "engines": {
        "node": ">=22.0.0"
      },
      "peerDependencies": {
        "@tsonic/rust-runtime": "0.0.1"
      }
    },
    "../rust-nodejs": {
      "name": "@tsonic/rust-nodejs",
      "version": "0.0.1",
      "dev": true,
      "devDependencies": {
        "@tsonic/rust-js": "file:../rust-js",
        "@tsonic/rust-runtime": "file:../rust-runtime",
        "@tsonic/target-rust": "file:../tsonic-rust",
        "@types/node": "^22.19.21",
        "typescript": "^5.6.0"
      },
      "engines": {
        "node": ">=22.0.0"
      },
      "peerDependencies": {
        "@tsonic/rust-js": "0.0.1",
        "@tsonic/rust-runtime": "0.0.1",
        "@tsonic/target-rust": "*"
      }
    },
    "../rust-runtime": {
      "name": "@tsonic/rust-runtime",
      "version": "0.0.1",
      "dev": true,
      "engines": {
        "node": ">=22.0.0"
      }
    },
    "../tsonic-rust": {
      "name": "@tsonic/target-rust",
      "version": "0.0.1",
      "dev": true,
      "devDependencies": {
        "@tsonic/rust-js": "file:../rust-js",
        "@tsonic/rust-runtime": "file:../rust-runtime",
        "@tsonic/source-core": "file:../tsonic/packages/source-core",
        "@tsonic/target-api": "file:../tsonic/packages/target-api",
        "@tsonic/tsts": "file:../tsonic/packages/tsts"
      },
      "engines": {
        "node": ">=22.0.0"
      },
      "peerDependencies": {
        "@tsonic/rust-js": "0.0.1",
        "@tsonic/rust-runtime": "0.0.1",
        "@tsonic/source-core": "0.0.1",
        "@tsonic/target-api": "0.0.1",
        "@tsonic/tsts": "0.0.0"
      }
    },
    "../tsonic/packages/cli": {
      "name": "@tsonic/cli",
      "version": "0.0.1",
      "dev": true,
      "dependencies": {
        "@tsonic/host": "0.0.1",
        "@tsonic/target-api": "0.0.1"
      },
      "bin": {
        "tsonic": "dist/src/index.js"
      }
    },
    "../tsonic/packages/host": {
      "name": "@tsonic/host",
      "version": "0.0.1",
      "dev": true,
      "dependencies": {
        "@tsonic/source-core": "0.0.1",
        "@tsonic/target-api": "0.0.1",
        "@tsonic/tsts": "0.0.0"
      },
      "engines": {
        "node": ">=22.0.0"
      }
    },
    "../tsonic/packages/source-core": {
      "name": "@tsonic/source-core",
      "version": "0.0.1",
      "dev": true,
      "dependencies": {
        "@tsonic/tsts": "0.0.0"
      },
      "engines": {
        "node": ">=22.0.0"
      }
    },
    "../tsonic/packages/target-api": {
      "name": "@tsonic/target-api",
      "version": "0.0.1",
      "dev": true,
      "dependencies": {
        "@tsonic/tsts": "0.0.0"
      },
      "engines": {
        "node": ">=22.0.0"
      }
    },
    "../tsonic/packages/tsts": {
      "name": "@tsonic/tsts",
      "version": "0.0.0",
      "dev": true,
      "bin": {
        "tsts": "dist/src/cli/index.js"
      }
    },
    "node_modules/@tsonic/cli": {
      "resolved": "../tsonic/packages/cli",
      "link": true
    },
    "node_modules/@tsonic/host": {
      "resolved": "../tsonic/packages/host",
      "link": true
    },
    "node_modules/@tsonic/rust-js": {
      "resolved": "../rust-js",
      "link": true
    },
    "node_modules/@tsonic/rust-nodejs": {
      "resolved": "../rust-nodejs",
      "link": true
    },
    "node_modules/@tsonic/rust-runtime": {
      "resolved": "../rust-runtime",
      "link": true
    },
    "node_modules/@tsonic/source-core": {
      "resolved": "../tsonic/packages/source-core",
      "link": true
    },
    "node_modules/@tsonic/target-api": {
      "resolved": "../tsonic/packages/target-api",
      "link": true
    },
    "node_modules/@tsonic/target-rust": {
      "resolved": "../tsonic-rust",
      "link": true
    },
    "node_modules/@tsonic/tsts": {
      "resolved": "../tsonic/packages/tsts",
      "link": true
    },
    "node_modules/@tsumo/engine": {
      "resolved": "packages/engine",
      "link": true
    },
    "node_modules/tsumo-cli": {
      "resolved": "packages/cli",
      "link": true
    },
    "node_modules/tsumo-tests": {
      "resolved": "packages/tests",
      "link": true
    },
    "packages/cli": {
      "name": "tsumo-cli",
      "version": "0.0.0",
      "dependencies": {
        "@tsumo/engine": "0.0.0"
      },
      "devDependencies": {
        "@tsonic/cli": "file:../../../tsonic/packages/cli",
        "@tsonic/rust-nodejs": "file:../../../rust-nodejs",
        "@tsonic/target-rust": "file:../../../tsonic-rust"
      }
    },
    "packages/engine": {
      "name": "@tsumo/engine",
      "version": "0.0.0",
      "devDependencies": {
        "@tsonic/cli": "file:../../../tsonic/packages/cli",
        "@tsonic/rust-nodejs": "file:../../../rust-nodejs",
        "@tsonic/target-rust": "file:../../../tsonic-rust"
      }
    },
    "packages/tests": {
      "name": "tsumo-tests",
      "version": "0.0.0",
      "dependencies": {
        "@tsumo/engine": "0.0.0"
      },
      "devDependencies": {
        "@tsonic/cli": "file:../../../tsonic/packages/cli",
        "@tsonic/rust-nodejs": "file:../../../rust-nodejs",
        "@tsonic/target-rust": "file:../../../tsonic-rust"
      }
    }
  }
}
