{
  "version": 1,
  "dependencies": {
    "net10.0": {
      "BouncyCastle.Cryptography": {
        "type": "Direct",
        "requested": "[2.4.0, )",
        "resolved": "2.4.0",
        "contentHash": "SwXsAV3sMvAU/Nn31pbjhWurYSjJ+/giI/0n6tCrYoupEK34iIHCuk3STAd9fx8yudM85KkLSVdn951vTng/vQ=="
      },
      "Microsoft.NET.Test.Sdk": {
        "type": "Direct",
        "requested": "[17.11.1, )",
        "resolved": "17.11.1",
        "contentHash": "U3Ty4BaGoEu+T2bwSko9tWqWUOU16WzSFkq6U8zve75oRBMSLTBdMAZrVNNz1Tq12aCdDom9fcOcM9QZaFHqFg==",
        "dependencies": {
          "Microsoft.CodeCoverage": "17.11.1",
          "Microsoft.TestPlatform.TestHost": "17.11.1"
        }
      },
      "PhotoSauce.MagicScaler": {
        "type": "Direct",
        "requested": "[0.14.2, )",
        "resolved": "0.14.2",
        "contentHash": "rVz7Fb3/hyTLIP6NikCnnAiIz3vl5yfOooyehVz0FFsZCSd+UFgNTOjTvI+4xhpoQs08/RjU6DQz181qxzzRVA=="
      },
      "PhotoSauce.NativeCodecs.Giflib": {
        "type": "Direct",
        "requested": "[5.2.2-preview2, )",
        "resolved": "5.2.2-preview2",
        "contentHash": "IYTxf0EKrUckj6YAIWJdRd0jimqHF2qNPEAe5DwbKa/YLPe1/3mOnNSv/Ycf0Lye6hk4wpS6VQlutPwOVLzt+A==",
        "dependencies": {
          "PhotoSauce.MagicScaler": "[0.14.2]"
        }
      },
      "PhotoSauce.NativeCodecs.Libjpeg": {
        "type": "Direct",
        "requested": "[3.0.2-preview2, )",
        "resolved": "3.0.2-preview2",
        "contentHash": "YpdUnQIbrNEn4aP2QsGPW2xT/gQ/k5FlsYsbuqvhfMOSxniUDSZGPctwy45WczXx+EM3jfisisOdMZITGKn9GQ==",
        "dependencies": {
          "PhotoSauce.MagicScaler": "[0.14.2]"
        }
      },
      "PhotoSauce.NativeCodecs.Libpng": {
        "type": "Direct",
        "requested": "[1.6.43-preview2, )",
        "resolved": "1.6.43-preview2",
        "contentHash": "+KFZmR+SWNTypawOL06j+I9BE3QY7uorHezaRYjhvIR1bLKLNVmBktvLw2F3QSoJtVt/7pjV/ROXtvFmtCGiUQ==",
        "dependencies": {
          "PhotoSauce.MagicScaler": "[0.14.2]"
        }
      },
      "PhotoSauce.NativeCodecs.Libwebp": {
        "type": "Direct",
        "requested": "[1.3.2-preview3, )",
        "resolved": "1.3.2-preview3",
        "contentHash": "kPBYxzIOx2XW/vvt/AGWSbeOInLVnM/teCXN+ABwDXSAC2kQYAF0pKoPxyg+YQimgmAORgAnV7817X8jYHT/Ew==",
        "dependencies": {
          "PhotoSauce.MagicScaler": "[0.14.2]"
        }
      },
      "xunit": {
        "type": "Direct",
        "requested": "[2.9.2, )",
        "resolved": "2.9.2",
        "contentHash": "7LhFS2N9Z6Xgg8aE5lY95cneYivRMfRI8v+4PATa4S64D5Z/Plkg0qa8dTRHSiGRgVZ/CL2gEfJDE5AUhOX+2Q==",
        "dependencies": {
          "xunit.analyzers": "1.16.0",
          "xunit.assert": "2.9.2",
          "xunit.core": "[2.9.2]"
        }
      },
      "xunit.runner.visualstudio": {
        "type": "Direct",
        "requested": "[2.5.6, )",
        "resolved": "2.5.6",
        "contentHash": "CW6uhMXNaQQNMSG1IWhHkBT+V5eqHqn7MP0zfNMhU9wS/sgKX7FGL3rzoaUgt26wkY3bpf7pDVw3IjXhwfiP4w=="
      },
      "Microsoft.CodeCoverage": {
        "type": "Transitive",
        "resolved": "17.11.1",
        "contentHash": "nPJqrcA5iX+Y0kqoT3a+pD/8lrW/V7ayqnEJQsTonSoPz59J8bmoQhcSN4G8+UJ64Hkuf0zuxnfuj2lkHOq4cA=="
      },
      "Microsoft.TestPlatform.ObjectModel": {
        "type": "Transitive",
        "resolved": "17.11.1",
        "contentHash": "E2jZqAU6JeWEVsyOEOrSW1o1bpHLgb25ypvKNB/moBXPVsFYBPd/Jwi7OrYahG50J83LfHzezYI+GaEkpAotiA=="
      },
      "Microsoft.TestPlatform.TestHost": {
        "type": "Transitive",
        "resolved": "17.11.1",
        "contentHash": "DnG+GOqJXO/CkoqlJWeDFTgPhqD/V6VqUIL3vINizCWZ3X+HshCtbbyDdSHQQEjrc2Sl/K3yaxX6s+5LFEdYuw==",
        "dependencies": {
          "Microsoft.TestPlatform.ObjectModel": "17.11.1",
          "Newtonsoft.Json": "13.0.1"
        }
      },
      "Newtonsoft.Json": {
        "type": "Transitive",
        "resolved": "13.0.1",
        "contentHash": "ppPFpBcvxdsfUonNcvITKqLl3bqxWbDCZIzDWHzjpdAHRFfZe0Dw9HmA0+za13IdyrgJwpkDTDA9fHaxOrt20A=="
      },
      "xunit.abstractions": {
        "type": "Transitive",
        "resolved": "2.0.3",
        "contentHash": "pot1I4YOxlWjIb5jmwvvQNbTrZ3lJQ+jUGkGjWE3hEFM0l5gOnBWS+H3qsex68s5cO52g+44vpGzhAt+42vwKg=="
      },
      "xunit.analyzers": {
        "type": "Transitive",
        "resolved": "1.16.0",
        "contentHash": "hptYM7vGr46GUIgZt21YHO4rfuBAQS2eINbFo16CV/Dqq+24Tp+P5gDCACu1AbFfW4Sp/WRfDPSK8fmUUb8s0Q=="
      },
      "xunit.assert": {
        "type": "Transitive",
        "resolved": "2.9.2",
        "contentHash": "QkNBAQG4pa66cholm28AxijBjrmki98/vsEh4Sx5iplzotvPgpiotcxqJQMRC8d7RV7nIT8ozh97957hDnZwsQ=="
      },
      "xunit.core": {
        "type": "Transitive",
        "resolved": "2.9.2",
        "contentHash": "O6RrNSdmZ0xgEn5kT927PNwog5vxTtKrWMihhhrT0Sg9jQ7iBDciYOwzBgP2krBEk5/GBXI18R1lKvmnxGcb4w==",
        "dependencies": {
          "xunit.extensibility.core": "[2.9.2]",
          "xunit.extensibility.execution": "[2.9.2]"
        }
      },
      "xunit.extensibility.core": {
        "type": "Transitive",
        "resolved": "2.9.2",
        "contentHash": "Ol+KlBJz1x8BrdnhN2DeOuLrr1I/cTwtHCggL9BvYqFuVd/TUSzxNT5O0NxCIXth30bsKxgMfdqLTcORtM52yQ==",
        "dependencies": {
          "xunit.abstractions": "2.0.3"
        }
      },
      "xunit.extensibility.execution": {
        "type": "Transitive",
        "resolved": "2.9.2",
        "contentHash": "rKMpq4GsIUIJibXuZoZ8lYp5EpROlnYaRpwu9Zr0sRZXE7JqJfEEbCsUriZqB+ByXCLFBJyjkTRULMdC+U566g==",
        "dependencies": {
          "xunit.extensibility.core": "[2.9.2]"
        }
      }
    }
  }
}